# This file was autogenerated by Stack.
# You should not edit this file by hand.
# For more information, please see the documentation at:
#   https://docs.haskellstack.org/en/stable/lock_files

packages:
- completed:
    cabal-file:
      size: 4206
      sha256: b527fd3ffaf60d0b8d416b90cd1d2651ed1555bda8654e84fca1dcd3efc23407
    name: matlab
    version: 0.2.0.0
    git: https://github.com/CornellCAC/haskell-matlab.git
    pantry-tree:
      size: 2914
      sha256: b52dddcb4f74677aaf44684177ed674bd6008855c01dd967536b2dba3bbb0d84
    commit: 6b7bd39edf34c90dd510c861082f81f1e693c230
  original:
    git: https://github.com/CornellCAC/haskell-matlab.git
    commit: 6b7bd39edf34c90dd510c861082f81f1e693c230
snapshots:
- completed:
    size: 524996
    url: https://raw.githubusercontent.com/commercialhaskell/stackage-snapshots/master/lts/14/27.yaml
    sha256: 7ea31a280c56bf36ff591a7397cc384d0dff622e7f9e4225b47d8980f019a0f0
  original: lts-14.27
