# This file was autogenerated by Stack.
# You should not edit this file by hand.
# For more information, please see the documentation at:
#   https://docs.haskellstack.org/en/stable/lock_files

packages:
- completed:
    cabal-file:
      size: 4173
      sha256: 85abe38dfef19dc265eab1f2fc698735dad307aa2b61d7c41a839d1a475786d6
    name: matlab
    version: 0.2.0.0
    git: https://github.com/CornellCAC/haskell-matlab.git
    pantry-tree:
      size: 2914
      sha256: 1170e5145dedb9f2bf8c94cea47508ed9470ab15aacfa749fad1f2d8af94c038
    commit: 361e6779a3cfb15951304fc03f60a3a6f84dadbd
  original:
    git: https://github.com/CornellCAC/haskell-matlab.git
    commit: 361e6779a3cfb15951304fc03f60a3a6f84dadbd
snapshots:
- completed:
    size: 524996
    url: https://raw.githubusercontent.com/commercialhaskell/stackage-snapshots/master/lts/14/27.yaml
    sha256: 7ea31a280c56bf36ff591a7397cc384d0dff622e7f9e4225b47d8980f019a0f0
  original: lts-14.27
